# This file is automatically @generated by Cargo.
# It is not intended for manual editing.
version = 4

[[package]]
name = "beanstalk"
version = "0.0.1-alpha"
dependencies = [
 "rustc-hash",
 "saying",
]

[[package]]
name = "rustc-hash"
version = "2.1.1"
source = "registry+https://github.com/rust-lang/crates.io-index"
checksum = "357703d41365b4b27c590e3ed91eabb1b663f07c4c084095e60cbed4362dff0d"

[[package]]
name = "saying"
version = "0.1.7"
source = "registry+https://github.com/rust-lang/crates.io-index"
checksum = "339f5594014952f85294d03d562b359713db36f77327e3f48f1fa04199263c3a"
